{
  "requires": true,
  "lockfileVersion": 1,
  "dependencies": {
    "ngx-gallery-9": {
      "version": "1.0.6",
      "resolved": "https://registry.npmjs.org/ngx-gallery-9/-/ngx-gallery-9-1.0.6.tgz",
      "integrity": "sha512-+l8QSZi2D37wZct7ZduTqzXMeEAg3zbazyi3sdMlU7oYZ7n8ai7xjC/rN5QTT/w1gwx85LtAonV9RnNFPHGbuw=="
    }
  }
}
