{
  "requires": true,
  "lockfileVersion": 1,
  "dependencies": {
    "ngx-gallery-9": {
      "version": "1.0.6",
      "resolved": "https://registry.npmjs.org/ngx-gallery-9/-/ngx-gallery-9-1.0.6.tgz",
      "integrity": "sha512-+l8QSZi2D37wZct7ZduTqzXMeEAg3zbazyi3sdMlU7oYZ7n8ai7xjC/rN5QTT/w1gwx85LtAonV9RnNFPHGbuw=="
    },
    "ngx-timeago": {
      "version": "1.0.4",
      "resolved": "https://registry.npmjs.org/ngx-timeago/-/ngx-timeago-1.0.4.tgz",
      "integrity": "sha512-/UkF2ETQBRdJ2k3xFoI8uNXNqrzWll2gZB17Ear1pvKyQ0bJczYY4qPa5IzSqurLLTmNxOK447+RMxeuXX+mrQ==",
      "requires": {
        "tslib": "^1.9.0"
      }
    },
    "tslib": {
      "version": "1.13.0",
      "resolved": "https://registry.npmjs.org/tslib/-/tslib-1.13.0.tgz",
      "integrity": "sha512-i/6DQjL8Xf3be4K/E6Wgpekn5Qasl1usyw++dAA35Ue5orEn65VIxOA+YvNNl9HV3qv70T7CNwjODHZrLwvd1Q=="
    }
  }
}
